
Microsoft Visual Studio Solution File, Format Version 12.00
# Visual Studio Version 16
VisualStudioVersion = 16.0.33328.57
MinimumVisualStudioVersion = 10.0.40219.1
Project("{FAE04EC0-301F-11D3-BF4B-00C04F79EFBC}") = "hu_mdk0101_8", "hu_mdk0101_8\hu_mdk0101_8.csproj", "{420F1C86-9F72-4CDC-A48A-44EED12CA154}"
EndProject
Global
	GlobalSection(SolutionConfigurationPlatforms) = preSolution
		Debug|Any CPU = Debug|Any CPU
		Release|Any CPU = Release|Any CPU
	EndGlobalSection
	GlobalSection(ProjectConfigurationPlatforms) = postSolution
		{420F1C86-9F72-4CDC-A48A-44EED12CA154}.Debug|Any CPU.ActiveCfg = Debug|Any CPU
		{420F1C86-9F72-4CDC-A48A-44EED12CA154}.Debug|Any CPU.Build.0 = Debug|Any CPU
		{420F1C86-9F72-4CDC-A48A-44EED12CA154}.Release|Any CPU.ActiveCfg = Release|Any CPU
		{420F1C86-9F72-4CDC-A48A-44EED12CA154}.Release|Any CPU.Build.0 = Release|Any CPU
	EndGlobalSection
	GlobalSection(SolutionProperties) = preSolution
		HideSolutionNode = FALSE
	EndGlobalSection
	GlobalSection(ExtensibilityGlobals) = postSolution
		SolutionGuid = {8C6741F3-3803-4855-BA8A-AD5E96FA5BD8}
	EndGlobalSection
EndGlobal
